<Solution>
  <Folder Name="/src/">
    <Project Path="src/Estudio.Setup/Estudio.Setup.csproj" />
    <Project Path="src/Estudio.Setup.Windows/Estudio.Setup.Windows.csproj" />
  </Folder>
  <Folder Name="/tests/">
    <Project Path="tests/Estudio.Setup.Tests/Estudio.Setup.Tests.csproj" />
  </Folder>
</Solution>
